// !$*UTF8*$!
{
	archiveVersion = 1;
	classes = {
	};
	objectVersion = 77;
	objects = {

/* Begin PBXContainerItemProxy section */
		3F52B04A2E73F88A00847F95 /* PBXContainerItemProxy */ = {
			isa = PBXContainerItemProxy;
			containerPortal = 3F52B02F2E73F88800847F95 /* Project object */;
			proxyType = 1;
			remoteGlobalIDString = 3F52B0362E73F88800847F95;
			remoteInfo = RickAndMortyAssignment;
		};
		3F52B0542E73F88A00847F95 /* PBXContainerItemProxy */ = {
			isa = PBXContainerItemProxy;
			containerPortal = 3F52B02F2E73F88800847F95 /* Project object */;
			proxyType = 1;
			remoteGlobalIDString = 3F52B0362E73F88800847F95;
			remoteInfo = RickAndMortyAssignment;
		};
/* End PBXContainerItemProxy section */

/* Begin PBXFileReference section */
		3F52B0372E73F88800847F95 /* RickAndMortyAssignment.app */ = {isa = PBXFileReference; explicitFileType = wrapper.application; includeInIndex = 0; path = RickAndMortyAssignment.app; sourceTree = BUILT_PRODUCTS_DIR; };
		3F52B0492E73F88A00847F95 /* RickAndMortyAssignmentTests.xctest */ = {isa = PBXFileReference; explicitFileType = wrapper.cfbundle; includeInIndex = 0; path = RickAndMortyAssignmentTests.xctest; sourceTree = BUILT_PRODUCTS_DIR; };
		3F52B0532E73F88A00847F95 /* RickAndMortyAssignmentUITests.xctest */ = {isa = PBXFileReference; explicitFileType = wrapper.cfbundle; includeInIndex = 0; path = RickAndMortyAssignmentUITests.xctest; sourceTree = BUILT_PRODUCTS_DIR; };
/* End PBXFileReference section */

/* Begin PBXFileSystemSynchronizedBuildFileExceptionSet section */
		3F52B17D2E762EB400847F95 /* Exceptions for "RickAndMortyAssignmentTests" folder in "RickAndMortyAssignment" target */ = {
			isa = PBXFileSystemSynchronizedBuildFileExceptionSet;
			membershipExceptions = (
				Mocks/MockAPIClient.swift,
				RickAndMortyAssignmentTests.swift,
			);
			target = 3F52B0362E73F88800847F95 /* RickAndMortyAssignment */;
		};
		3F52B17E2E762EB400847F95 /* Exceptions for "RickAndMortyAssignmentTests" folder in "RickAndMortyAssignmentTests" target */ = {
			isa = PBXFileSystemSynchronizedBuildFileExceptionSet;
			membershipExceptions = (
				Mocks/MockAPIClient.swift,
				RickAndMortyAssignmentTests.swift,
			);
			target = 3F52B0482E73F88A00847F95 /* RickAndMortyAssignmentTests */;
		};
/* End PBXFileSystemSynchronizedBuildFileExceptionSet section */

/* Begin PBXFileSystemSynchronizedRootGroup section */
		3F52B0392E73F88800847F95 /* RickAndMortyAssignment */ = {
			isa = PBXFileSystemSynchronizedRootGroup;
			path = RickAndMortyAssignment;
			sourceTree = "<group>";
		};
		3F52B0562E73F88A00847F95 /* RickAndMortyAssignmentUITests */ = {
			isa = PBXFileSystemSynchronizedRootGroup;
			path = RickAndMortyAssignmentUITests;
			sourceTree = "<group>";
		};
		3F52B17A2E762EB400847F95 /* RickAndMortyAssignmentTests */ = {
			isa = PBXFileSystemSynchronizedRootGroup;
			exceptions = (
				3F52B17D2E762EB400847F95 /* Exceptions for "RickAndMortyAssignmentTests" folder in "RickAndMortyAssignment" target */,
				3F52B17E2E762EB400847F95 /* Exceptions for "RickAndMortyAssignmentTests" folder in "RickAndMortyAssignmentTests" target */,
			);
			path = RickAndMortyAssignmentTests;
			sourceTree = "<group>";
		};
/* End PBXFileSystemSynchronizedRootGroup section */

/* Begin PBXFrameworksBuildPhase section */
		3F52B0342E73F88800847F95 /* Frameworks */ = {
			isa = PBXFrameworksBuildPhase;
			buildActionMask = 2147483647;
			files = (
			);
			runOnlyForDeploymentPostprocessing = 0;
		};
		3F52B0462E73F88A00847F95 /* Frameworks */ = {
			isa = PBXFrameworksBuildPhase;
			buildActionMask = 2147483647;
			files = (
			);
			runOnlyForDeploymentPostprocessing = 0;
		};
		3F52B0502E73F88A00847F95 /* Frameworks */ = {
			isa = PBXFrameworksBuildPhase;
			buildActionMask = 2147483647;
			files = (
			);
			runOnlyForDeploymentPostprocessing = 0;
		};
/* End PBXFrameworksBuildPhase section */

/* Begin PBXGroup section */
		3F52B02E2E73F88800847F95 = {
			isa = PBXGroup;
			children = (
				3F52B0392E73F88800847F95 /* RickAndMortyAssignment */,
				3F52B0562E73F88A00847F95 /* RickAndMortyAssignmentUITests */,
				3F52B0382E73F88800847F95 /* Products */,
				3F52B17A2E762EB400847F95 /* RickAndMortyAssignmentTests */,
			);
			sourceTree = "<group>";
		};
		3F52B0382E73F88800847F95 /* Products */ = {
			isa = PBXGroup;
			children = (
				3F52B0372E73F88800847F95 /* RickAndMortyAssignment.app */,
				3F52B0492E73F88A00847F95 /* RickAndMortyAssignmentTests.xctest */,
				3F52B0532E73F88A00847F95 /* RickAndMortyAssignmentUITests.xctest */,
			);
			name = Products;
			sourceTree = "<group>";
		};
/* End PBXGroup section */

/* Begin PBXNativeTarget section */
		3F52B0362E73F88800847F95 /* RickAndMortyAssignment */ = {
			isa = PBXNativeTarget;
			buildConfigurationList = 3F52B05D2E73F88A00847F95 /* Build configuration list for PBXNativeTarget "RickAndMortyAssignment" */;
			buildPhases = (
				3F52B0752E74086900847F95 /* Swift Format */,
				3F52B0332E73F88800847F95 /* Sources */,
				3F52B0342E73F88800847F95 /* Frameworks */,
				3F52B0352E73F88800847F95 /* Resources */,
			);
			buildRules = (
			);
			dependencies = (
			);
			fileSystemSynchronizedGroups = (
				3F52B0392E73F88800847F95 /* RickAndMortyAssignment */,
				3F52B17A2E762EB400847F95 /* RickAndMortyAssignmentTests */,
			);
			name = RickAndMortyAssignment;
			packageProductDependencies = (
			);
			productName = RickAndMortyAssignment;
			productReference = 3F52B0372E73F88800847F95 /* RickAndMortyAssignment.app */;
			productType = "com.apple.product-type.application";
		};
		3F52B0482E73F88A00847F95 /* RickAndMortyAssignmentTests */ = {
			isa = PBXNativeTarget;
			buildConfigurationList = 3F52B0602E73F88A00847F95 /* Build configuration list for PBXNativeTarget "RickAndMortyAssignmentTests" */;
			buildPhases = (
				3F52B0452E73F88A00847F95 /* Sources */,
				3F52B0462E73F88A00847F95 /* Frameworks */,
				3F52B0472E73F88A00847F95 /* Resources */,
			);
			buildRules = (
			);
			dependencies = (
				3F52B04B2E73F88A00847F95 /* PBXTargetDependency */,
			);
			name = RickAndMortyAssignmentTests;
			packageProductDependencies = (
			);
			productName = RickAndMortyAssignmentTests;
			productReference = 3F52B0492E73F88A00847F95 /* RickAndMortyAssignmentTests.xctest */;
			productType = "com.apple.product-type.bundle.unit-test";
		};
		3F52B0522E73F88A00847F95 /* RickAndMortyAssignmentUITests */ = {
			isa = PBXNativeTarget;
			buildConfigurationList = 3F52B0632E73F88A00847F95 /* Build configuration list for PBXNativeTarget "RickAndMortyAssignmentUITests" */;
			buildPhases = (
				3F52B04F2E73F88A00847F95 /* Sources */,
				3F52B0502E73F88A00847F95 /* Frameworks */,
				3F52B0512E73F88A00847F95 /* Resources */,
			);
			buildRules = (
			);
			dependencies = (
				3F52B0552E73F88A00847F95 /* PBXTargetDependency */,
			);
			fileSystemSynchronizedGroups = (
				3F52B0562E73F88A00847F95 /* RickAndMortyAssignmentUITests */,
			);
			name = RickAndMortyAssignmentUITests;
			packageProductDependencies = (
			);
			productName = RickAndMortyAssignmentUITests;
			productReference = 3F52B0532E73F88A00847F95 /* RickAndMortyAssignmentUITests.xctest */;
			productType = "com.apple.product-type.bundle.ui-testing";
		};
/* End PBXNativeTarget section */

/* Begin PBXProject section */
		3F52B02F2E73F88800847F95 /* Project object */ = {
			isa = PBXProject;
			attributes = {
				BuildIndependentTargetsInParallel = 1;
				LastSwiftUpdateCheck = 1600;
				LastUpgradeCheck = 1600;
				TargetAttributes = {
					3F52B0362E73F88800847F95 = {
						CreatedOnToolsVersion = 16.0;
					};
					3F52B0482E73F88A00847F95 = {
						CreatedOnToolsVersion = 16.0;
						TestTargetID = 3F52B0362E73F88800847F95;
					};
					3F52B0522E73F88A00847F95 = {
						CreatedOnToolsVersion = 16.0;
						TestTargetID = 3F52B0362E73F88800847F95;
					};
				};
			};
			buildConfigurationList = 3F52B0322E73F88800847F95 /* Build configuration list for PBXProject "RickAndMortyAssignment" */;
			developmentRegion = en;
			hasScannedForEncodings = 0;
			knownRegions = (
				en,
				Base,
			);
			mainGroup = 3F52B02E2E73F88800847F95;
			minimizedProjectReferenceProxies = 1;
			packageReferences = (
			);
			preferredProjectObjectVersion = 77;
			productRefGroup = 3F52B0382E73F88800847F95 /* Products */;
			projectDirPath = "";
			projectRoot = "";
			targets = (
				3F52B0362E73F88800847F95 /* RickAndMortyAssignment */,
				3F52B0482E73F88A00847F95 /* RickAndMortyAssignmentTests */,
				3F52B0522E73F88A00847F95 /* RickAndMortyAssignmentUITests */,
			);
		};
/* End PBXProject section */

/* Begin PBXResourcesBuildPhase section */
		3F52B0352E73F88800847F95 /* Resources */ = {
			isa = PBXResourcesBuildPhase;
			buildActionMask = 2147483647;
			files = (
			);
			runOnlyForDeploymentPostprocessing = 0;
		};
		3F52B0472E73F88A00847F95 /* Resources */ = {
			isa = PBXResourcesBuildPhase;
			buildActionMask = 2147483647;
			files = (
			);
			runOnlyForDeploymentPostprocessing = 0;
		};
		3F52B0512E73F88A00847F95 /* Resources */ = {
			isa = PBXResourcesBuildPhase;
			buildActionMask = 2147483647;
			files = (
			);
			runOnlyForDeploymentPostprocessing = 0;
		};
/* End PBXResourcesBuildPhase section */

/* Begin PBXShellScriptBuildPhase section */
		3F52B0752E74086900847F95 /* Swift Format */ = {
			isa = PBXShellScriptBuildPhase;
			alwaysOutOfDate = 1;
			buildActionMask = 2147483647;
			files = (
			);
			inputFileListPaths = (
			);
			inputPaths = (
			);
			name = "Swift Format";
			outputFileListPaths = (
			);
			outputPaths = (
			);
			runOnlyForDeploymentPostprocessing = 0;
			shellPath = /bin/sh;
			shellScript = "# LINT-ONLY on build to avoid rewriting files.\nexport PATH=\"/opt/homebrew/bin:/usr/local/bin:$PATH\"\n\nif which swiftformat >/dev/null 2>&1; then\n  swiftformat \"$SRCROOT\" --config \"$SRCROOT/.swiftformat\" --lint --quiet\nelse\n  echo \"warning: SwiftFormat not installed. Run: brew install swiftformat\"\nfi\n\nif which swiftlint >/dev/null 2>&1; then\n  swiftlint --quiet\nelse\n  echo \"warning: SwiftLint not installed. Run: brew install swiftlint\"\nfi\n";
		};
/* End PBXShellScriptBuildPhase section */

/* Begin PBXSourcesBuildPhase section */
		3F52B0332E73F88800847F95 /* Sources */ = {
			isa = PBXSourcesBuildPhase;
			buildActionMask = 2147483647;
			files = (
			);
			runOnlyForDeploymentPostprocessing = 0;
		};
		3F52B0452E73F88A00847F95 /* Sources */ = {
			isa = PBXSourcesBuildPhase;
			buildActionMask = 2147483647;
			files = (
			);
			runOnlyForDeploymentPostprocessing = 0;
		};
		3F52B04F2E73F88A00847F95 /* Sources */ = {
			isa = PBXSourcesBuildPhase;
			buildActionMask = 2147483647;
			files = (
			);
			runOnlyForDeploymentPostprocessing = 0;
		};
/* End PBXSourcesBuildPhase section */

/* Begin PBXTargetDependency section */
		3F52B04B2E73F88A00847F95 /* PBXTargetDependency */ = {
			isa = PBXTargetDependency;
			target = 3F52B0362E73F88800847F95 /* RickAndMortyAssignment */;
			targetProxy = 3F52B04A2E73F88A00847F95 /* PBXContainerItemProxy */;
		};
		3F52B0552E73F88A00847F95 /* PBXTargetDependency */ = {
			isa = PBXTargetDependency;
			target = 3F52B0362E73F88800847F95 /* RickAndMortyAssignment */;
			targetProxy = 3F52B0542E73F88A00847F95 /* PBXContainerItemProxy */;
		};
/* End PBXTargetDependency section */

/* Begin XCBuildConfiguration section */
		3F52B05B2E73F88A00847F95 /* Debug */ = {
			isa = XCBuildConfiguration;
			buildSettings = {
				ALWAYS_SEARCH_USER_PATHS = NO;
				ASSETCATALOG_COMPILER_GENERATE_SWIFT_ASSET_SYMBOL_EXTENSIONS = YES;
				CLANG_ANALYZER_NONNULL = YES;
				CLANG_ANALYZER_NUMBER_OBJECT_CONVERSION = YES_AGGRESSIVE;
				CLANG_CXX_LANGUAGE_STANDARD = "gnu++20";
				CLANG_ENABLE_MODULES = YES;
				CLANG_ENABLE_OBJC_ARC = YES;
				CLANG_ENABLE_OBJC_WEAK = YES;
				CLANG_WARN_BLOCK_CAPTURE_AUTORELEASING = YES;
				CLANG_WARN_BOOL_CONVERSION = YES;
				CLANG_WARN_COMMA = YES;
				CLANG_WARN_CONSTANT_CONVERSION = YES;
				CLANG_WARN_DEPRECATED_OBJC_IMPLEMENTATIONS = YES;
				CLANG_WARN_DIRECT_OBJC_ISA_USAGE = YES_ERROR;
				CLANG_WARN_DOCUMENTATION_COMMENTS = YES;
				CLANG_WARN_EMPTY_BODY = YES;
				CLANG_WARN_ENUM_CONVERSION = YES;
				CLANG_WARN_INFINITE_RECURSION = YES;
				CLANG_WARN_INT_CONVERSION = YES;
				CLANG_WARN_NON_LITERAL_NULL_CONVERSION = YES;
				CLANG_WARN_OBJC_IMPLICIT_RETAIN_SELF = YES;
				CLANG_WARN_OBJC_LITERAL_CONVERSION = YES;
				CLANG_WARN_OBJC_ROOT_CLASS = YES_ERROR;
				CLANG_WARN_QUOTED_INCLUDE_IN_FRAMEWORK_HEADER = YES;
				CLANG_WARN_RANGE_LOOP_ANALYSIS = YES;
				CLANG_WARN_STRICT_PROTOTYPES = YES;
				CLANG_WARN_SUSPICIOUS_MOVE = YES;
				CLANG_WARN_UNGUARDED_AVAILABILITY = YES_AGGRESSIVE;
				CLANG_WARN_UNREACHABLE_CODE = YES;
				CLANG_WARN__DUPLICATE_METHOD_MATCH = YES;
				COPY_PHASE_STRIP = NO;
				DEBUG_INFORMATION_FORMAT = dwarf;
				ENABLE_STRICT_OBJC_MSGSEND = YES;
				ENABLE_TESTABILITY = YES;
				ENABLE_USER_SCRIPT_SANDBOXING = YES;
				GCC_C_LANGUAGE_STANDARD = gnu17;
				GCC_DYNAMIC_NO_PIC = NO;
				GCC_NO_COMMON_BLOCKS = YES;
				GCC_OPTIMIZATION_LEVEL = 0;
				GCC_PREPROCESSOR_DEFINITIONS = (
					"DEBUG=1",
					"$(inherited)",
				);
				GCC_WARN_64_TO_32_BIT_CONVERSION = YES;
				GCC_WARN_ABOUT_RETURN_TYPE = YES_ERROR;
				GCC_WARN_UNDECLARED_SELECTOR = YES;
				GCC_WARN_UNINITIALIZED_AUTOS = YES_AGGRESSIVE;
				GCC_WARN_UNUSED_FUNCTION = YES;
				GCC_WARN_UNUSED_VARIABLE = YES;
				IPHONEOS_DEPLOYMENT_TARGET = 18.0;
				LOCALIZATION_PREFERS_STRING_CATALOGS = YES;
				MTL_ENABLE_DEBUG_INFO = INCLUDE_SOURCE;
				MTL_FAST_MATH = YES;
				ONLY_ACTIVE_ARCH = YES;
				SDKROOT = iphoneos;
				SWIFT_ACTIVE_COMPILATION_CONDITIONS = "DEBUG $(inherited)";
				SWIFT_OPTIMIZATION_LEVEL = "-Onone";
			};
			name = Debug;
		};
		3F52B05C2E73F88A00847F95 /* Release */ = {
			isa = XCBuildConfiguration;
			buildSettings = {
				ALWAYS_SEARCH_USER_PATHS = NO;
				ASSETCATALOG_COMPILER_GENERATE_SWIFT_ASSET_SYMBOL_EXTENSIONS = YES;
				CLANG_ANALYZER_NONNULL = YES;
				CLANG_ANALYZER_NUMBER_OBJECT_CONVERSION = YES_AGGRESSIVE;
				CLANG_CXX_LANGUAGE_STANDARD = "gnu++20";
				CLANG_ENABLE_MODULES = YES;
				CLANG_ENABLE_OBJC_ARC = YES;
				CLANG_ENABLE_OBJC_WEAK = YES;
				CLANG_WARN_BLOCK_CAPTURE_AUTORELEASING = YES;
				CLANG_WARN_BOOL_CONVERSION = YES;
				CLANG_WARN_COMMA = YES;
				CLANG_WARN_CONSTANT_CONVERSION = YES;
				CLANG_WARN_DEPRECATED_OBJC_IMPLEMENTATIONS = YES;
				CLANG_WARN_DIRECT_OBJC_ISA_USAGE = YES_ERROR;
				CLANG_WARN_DOCUMENTATION_COMMENTS = YES;
				CLANG_WARN_EMPTY_BODY = YES;
				CLANG_WARN_ENUM_CONVERSION = YES;
				CLANG_WARN_INFINITE_RECURSION = YES;
				CLANG_WARN_INT_CONVERSION = YES;
				CLANG_WARN_NON_LITERAL_NULL_CONVERSION = YES;
				CLANG_WARN_OBJC_IMPLICIT_RETAIN_SELF = YES;
				CLANG_WARN_OBJC_LITERAL_CONVERSION = YES;
				CLANG_WARN_OBJC_ROOT_CLASS = YES_ERROR;
				CLANG_WARN_QUOTED_INCLUDE_IN_FRAMEWORK_HEADER = YES;
				CLANG_WARN_RANGE_LOOP_ANALYSIS = YES;
				CLANG_WARN_STRICT_PROTOTYPES = YES;
				CLANG_WARN_SUSPICIOUS_MOVE = YES;
				CLANG_WARN_UNGUARDED_AVAILABILITY = YES_AGGRESSIVE;
				CLANG_WARN_UNREACHABLE_CODE = YES;
				CLANG_WARN__DUPLICATE_METHOD_MATCH = YES;
				COPY_PHASE_STRIP = NO;
				DEBUG_INFORMATION_FORMAT = "dwarf-with-dsym";
				ENABLE_NS_ASSERTIONS = NO;
				ENABLE_STRICT_OBJC_MSGSEND = YES;
				ENABLE_USER_SCRIPT_SANDBOXING = YES;
				GCC_C_LANGUAGE_STANDARD = gnu17;
				GCC_NO_COMMON_BLOCKS = YES;
				GCC_WARN_64_TO_32_BIT_CONVERSION = YES;
				GCC_WARN_ABOUT_RETURN_TYPE = YES_ERROR;
				GCC_WARN_UNDECLARED_SELECTOR = YES;
				GCC_WARN_UNINITIALIZED_AUTOS = YES_AGGRESSIVE;
				GCC_WARN_UNUSED_FUNCTION = YES;
				GCC_WARN_UNUSED_VARIABLE = YES;
				IPHONEOS_DEPLOYMENT_TARGET = 18.0;
				LOCALIZATION_PREFERS_STRING_CATALOGS = YES;
				MTL_ENABLE_DEBUG_INFO = NO;
				MTL_FAST_MATH = YES;
				SDKROOT = iphoneos;
				SWIFT_COMPILATION_MODE = wholemodule;
				VALIDATE_PRODUCT = YES;
			};
			name = Release;
		};
		3F52B05E2E73F88A00847F95 /* Debug */ = {
			isa = XCBuildConfiguration;
			buildSettings = {
				ASSETCATALOG_COMPILER_APPICON_NAME = AppIcon;
				ASSETCATALOG_COMPILER_GLOBAL_ACCENT_COLOR_NAME = AccentColor;
				CODE_SIGN_STYLE = Automatic;
				CURRENT_PROJECT_VERSION = 1;
				DEVELOPMENT_ASSET_PATHS = "\"RickAndMortyAssignment/Resources/Preview Content\"";
				DEVELOPMENT_TEAM = WZFXZ9MCWM;
				ENABLE_PREVIEWS = YES;
				ENABLE_USER_SCRIPT_SANDBOXING = NO;
				GENERATE_INFOPLIST_FILE = YES;
				INFOPLIST_KEY_UIApplicationSceneManifest_Generation = YES;
				INFOPLIST_KEY_UIApplicationSupportsIndirectInputEvents = YES;
				INFOPLIST_KEY_UILaunchScreen_Generation = YES;
				INFOPLIST_KEY_UILaunchStoryboardName = "Launch Screen";
				INFOPLIST_KEY_UISupportedInterfaceOrientations_iPad = "UIInterfaceOrientationPortrait UIInterfaceOrientationPortraitUpsideDown UIInterfaceOrientationLandscapeLeft UIInterfaceOrientationLandscapeRight";
				INFOPLIST_KEY_UISupportedInterfaceOrientations_iPhone = "UIInterfaceOrientationPortrait UIInterfaceOrientationLandscapeLeft UIInterfaceOrientationLandscapeRight";
				LD_RUNPATH_SEARCH_PATHS = (
					"$(inherited)",
					"@executable_path/Frameworks",
				);
				MARKETING_VERSION = 1.0;
				PRODUCT_BUNDLE_IDENTIFIER = bas.RickAndMortyAssignment;
				PRODUCT_NAME = "$(TARGET_NAME)";
				SWIFT_EMIT_LOC_STRINGS = YES;
				SWIFT_VERSION = 5.0;
				TARGETED_DEVICE_FAMILY = "1,2";
			};
			name = Debug;
		};
		3F52B05F2E73F88A00847F95 /* Release */ = {
			isa = XCBuildConfiguration;
			buildSettings = {
				ASSETCATALOG_COMPILER_APPICON_NAME = AppIcon;
				ASSETCATALOG_COMPILER_GLOBAL_ACCENT_COLOR_NAME = AccentColor;
				CODE_SIGN_STYLE = Automatic;
				CURRENT_PROJECT_VERSION = 1;
				DEVELOPMENT_ASSET_PATHS = "\"RickAndMortyAssignment/Resources/Preview Content\"";
				DEVELOPMENT_TEAM = WZFXZ9MCWM;
				ENABLE_PREVIEWS = YES;
				ENABLE_USER_SCRIPT_SANDBOXING = NO;
				GENERATE_INFOPLIST_FILE = YES;
				INFOPLIST_KEY_UIApplicationSceneManifest_Generation = YES;
				INFOPLIST_KEY_UIApplicationSupportsIndirectInputEvents = YES;
				INFOPLIST_KEY_UILaunchScreen_Generation = YES;
				INFOPLIST_KEY_UILaunchStoryboardName = "Launch Screen";
				INFOPLIST_KEY_UISupportedInterfaceOrientations_iPad = "UIInterfaceOrientationPortrait UIInterfaceOrientationPortraitUpsideDown UIInterfaceOrientationLandscapeLeft UIInterfaceOrientationLandscapeRight";
				INFOPLIST_KEY_UISupportedInterfaceOrientations_iPhone = "UIInterfaceOrientationPortrait UIInterfaceOrientationLandscapeLeft UIInterfaceOrientationLandscapeRight";
				LD_RUNPATH_SEARCH_PATHS = (
					"$(inherited)",
					"@executable_path/Frameworks",
				);
				MARKETING_VERSION = 1.0;
				PRODUCT_BUNDLE_IDENTIFIER = bas.RickAndMortyAssignment;
				PRODUCT_NAME = "$(TARGET_NAME)";
				SWIFT_EMIT_LOC_STRINGS = YES;
				SWIFT_VERSION = 5.0;
				TARGETED_DEVICE_FAMILY = "1,2";
			};
			name = Release;
		};
		3F52B0612E73F88A00847F95 /* Debug */ = {
			isa = XCBuildConfiguration;
			buildSettings = {
				BUNDLE_LOADER = "$(TEST_HOST)";
				CODE_SIGN_STYLE = Automatic;
				CURRENT_PROJECT_VERSION = 1;
				DEVELOPMENT_TEAM = WZFXZ9MCWM;
				GENERATE_INFOPLIST_FILE = YES;
				IPHONEOS_DEPLOYMENT_TARGET = 18.0;
				MARKETING_VERSION = 1.0;
				PRODUCT_BUNDLE_IDENTIFIER = bas.RickAndMortyAssignmentTests;
				PRODUCT_NAME = "$(TARGET_NAME)";
				SWIFT_EMIT_LOC_STRINGS = NO;
				SWIFT_VERSION = 5.0;
				TARGETED_DEVICE_FAMILY = "1,2";
				TEST_HOST = "$(BUILT_PRODUCTS_DIR)/RickAndMortyAssignment.app/$(BUNDLE_EXECUTABLE_FOLDER_PATH)/RickAndMortyAssignment";
			};
			name = Debug;
		};
		3F52B0622E73F88A00847F95 /* Release */ = {
			isa = XCBuildConfiguration;
			buildSettings = {
				BUNDLE_LOADER = "$(TEST_HOST)";
				CODE_SIGN_STYLE = Automatic;
				CURRENT_PROJECT_VERSION = 1;
				DEVELOPMENT_TEAM = WZFXZ9MCWM;
				GENERATE_INFOPLIST_FILE = YES;
				IPHONEOS_DEPLOYMENT_TARGET = 18.0;
				MARKETING_VERSION = 1.0;
				PRODUCT_BUNDLE_IDENTIFIER = bas.RickAndMortyAssignmentTests;
				PRODUCT_NAME = "$(TARGET_NAME)";
				SWIFT_EMIT_LOC_STRINGS = NO;
				SWIFT_VERSION = 5.0;
				TARGETED_DEVICE_FAMILY = "1,2";
				TEST_HOST = "$(BUILT_PRODUCTS_DIR)/RickAndMortyAssignment.app/$(BUNDLE_EXECUTABLE_FOLDER_PATH)/RickAndMortyAssignment";
			};
			name = Release;
		};
		3F52B0642E73F88A00847F95 /* Debug */ = {
			isa = XCBuildConfiguration;
			buildSettings = {
				CODE_SIGN_STYLE = Automatic;
				CURRENT_PROJECT_VERSION = 1;
				DEVELOPMENT_TEAM = WZFXZ9MCWM;
				GENERATE_INFOPLIST_FILE = YES;
				MARKETING_VERSION = 1.0;
				PRODUCT_BUNDLE_IDENTIFIER = bas.RickAndMortyAssignmentUITests;
				PRODUCT_NAME = "$(TARGET_NAME)";
				SWIFT_EMIT_LOC_STRINGS = NO;
				SWIFT_VERSION = 5.0;
				TARGETED_DEVICE_FAMILY = "1,2";
				TEST_TARGET_NAME = RickAndMortyAssignment;
			};
			name = Debug;
		};
		3F52B0652E73F88A00847F95 /* Release */ = {
			isa = XCBuildConfiguration;
			buildSettings = {
				CODE_SIGN_STYLE = Automatic;
				CURRENT_PROJECT_VERSION = 1;
				DEVELOPMENT_TEAM = WZFXZ9MCWM;
				GENERATE_INFOPLIST_FILE = YES;
				MARKETING_VERSION = 1.0;
				PRODUCT_BUNDLE_IDENTIFIER = bas.RickAndMortyAssignmentUITests;
				PRODUCT_NAME = "$(TARGET_NAME)";
				SWIFT_EMIT_LOC_STRINGS = NO;
				SWIFT_VERSION = 5.0;
				TARGETED_DEVICE_FAMILY = "1,2";
				TEST_TARGET_NAME = RickAndMortyAssignment;
			};
			name = Release;
		};
/* End XCBuildConfiguration section */

/* Begin XCConfigurationList section */
		3F52B0322E73F88800847F95 /* Build configuration list for PBXProject "RickAndMortyAssignment" */ = {
			isa = XCConfigurationList;
			buildConfigurations = (
				3F52B05B2E73F88A00847F95 /* Debug */,
				3F52B05C2E73F88A00847F95 /* Release */,
			);
			defaultConfigurationIsVisible = 0;
			defaultConfigurationName = Release;
		};
		3F52B05D2E73F88A00847F95 /* Build configuration list for PBXNativeTarget "RickAndMortyAssignment" */ = {
			isa = XCConfigurationList;
			buildConfigurations = (
				3F52B05E2E73F88A00847F95 /* Debug */,
				3F52B05F2E73F88A00847F95 /* Release */,
			);
			defaultConfigurationIsVisible = 0;
			defaultConfigurationName = Release;
		};
		3F52B0602E73F88A00847F95 /* Build configuration list for PBXNativeTarget "RickAndMortyAssignmentTests" */ = {
			isa = XCConfigurationList;
			buildConfigurations = (
				3F52B0612E73F88A00847F95 /* Debug */,
				3F52B0622E73F88A00847F95 /* Release */,
			);
			defaultConfigurationIsVisible = 0;
			defaultConfigurationName = Release;
		};
		3F52B0632E73F88A00847F95 /* Build configuration list for PBXNativeTarget "RickAndMortyAssignmentUITests" */ = {
			isa = XCConfigurationList;
			buildConfigurations = (
				3F52B0642E73F88A00847F95 /* Debug */,
				3F52B0652E73F88A00847F95 /* Release */,
			);
			defaultConfigurationIsVisible = 0;
			defaultConfigurationName = Release;
		};
/* End XCConfigurationList section */
	};
	rootObject = 3F52B02F2E73F88800847F95 /* Project object */;
}
